<Solution>
  <Configurations>
    <Platform Name="x64" />
    <Platform Name="x86" />
  </Configurations>
  <Project Path="Car_Class/Car_Class.vcxproj" Id="66b5c067-057b-4672-985e-01598db44590" />
  <Project Path="Complex_Class/Complex_Class.vcxproj" Id="de5bfda5-c69a-4b38-98a2-e2ea033b3574" />
  <Project Path="Lec04_Array_Class/Lec04_Array_Class.vcxproj" Id="add082fa-b756-459b-a76e-de06c3f5c9b6" />
  <Project Path="Polynomical_Class/Polynomical_Class.vcxproj" Id="90467cf5-2ee9-47da-a672-9d8885260d60" />
</Solution>
